
Microsoft Visual Studio Solution File, Format Version 12.00
# Visual Studio Version 17
VisualStudioVersion = 17.2.32516.85
MinimumVisualStudioVersion = 10.0.40219.1
Project("{FAE04EC0-301F-11D3-BF4B-00C04F79EFBC}") = "SuperHeroAPI", "SuperHeroAPI\SuperHeroAPI.csproj", "{35301A99-5E7C-47F5-8A9E-06E2976889EE}"
EndProject
Global
	GlobalSection(SolutionConfigurationPlatforms) = preSolution
		Debug|Any CPU = Debug|Any CPU
		Release|Any CPU = Release|Any CPU
	EndGlobalSection
	GlobalSection(ProjectConfigurationPlatforms) = postSolution
		{35301A99-5E7C-47F5-8A9E-06E2976889EE}.Debug|Any CPU.ActiveCfg = Debug|Any CPU
		{35301A99-5E7C-47F5-8A9E-06E2976889EE}.Debug|Any CPU.Build.0 = Debug|Any CPU
		{35301A99-5E7C-47F5-8A9E-06E2976889EE}.Release|Any CPU.ActiveCfg = Release|Any CPU
		{35301A99-5E7C-47F5-8A9E-06E2976889EE}.Release|Any CPU.Build.0 = Release|Any CPU
	EndGlobalSection
	GlobalSection(SolutionProperties) = preSolution
		HideSolutionNode = FALSE
	EndGlobalSection
	GlobalSection(ExtensibilityGlobals) = postSolution
		SolutionGuid = {8E724933-AFB9-44BC-95CA-B02D970368E9}
	EndGlobalSection
EndGlobal
